
Microsoft Visual Studio Solution File, Format Version 12.00
# Visual Studio Version 17
VisualStudioVersion = 17.0.31903.59
MinimumVisualStudioVersion = 10.0.40219.1
Project("{FAE04EC0-301F-11D3-BF4B-00C04F79EFBC}") = "C#", "C#.csproj", "{9F440EC0-91FA-411C-A774-09A2C6E21476}"
EndProject
Project("{FAE04EC0-301F-11D3-BF4B-00C04F79EFBC}") = "ExemplosFundamentos.Common", "ExemplosFundamentos.Common\ExemplosFundamentos.Common.csproj", "{E8B0FF3B-BD3A-43E2-867A-67116BCBFA98}"
EndProject
Global
	GlobalSection(SolutionConfigurationPlatforms) = preSolution
		Debug|Any CPU = Debug|Any CPU
		Release|Any CPU = Release|Any CPU
	EndGlobalSection
	GlobalSection(SolutionProperties) = preSolution
		HideSolutionNode = FALSE
	EndGlobalSection
	GlobalSection(ProjectConfigurationPlatforms) = postSolution
		{9F440EC0-91FA-411C-A774-09A2C6E21476}.Debug|Any CPU.ActiveCfg = Debug|Any CPU
		{9F440EC0-91FA-411C-A774-09A2C6E21476}.Debug|Any CPU.Build.0 = Debug|Any CPU
		{9F440EC0-91FA-411C-A774-09A2C6E21476}.Release|Any CPU.ActiveCfg = Release|Any CPU
		{9F440EC0-91FA-411C-A774-09A2C6E21476}.Release|Any CPU.Build.0 = Release|Any CPU
		{E8B0FF3B-BD3A-43E2-867A-67116BCBFA98}.Debug|Any CPU.ActiveCfg = Debug|Any CPU
		{E8B0FF3B-BD3A-43E2-867A-67116BCBFA98}.Debug|Any CPU.Build.0 = Debug|Any CPU
		{E8B0FF3B-BD3A-43E2-867A-67116BCBFA98}.Release|Any CPU.ActiveCfg = Release|Any CPU
		{E8B0FF3B-BD3A-43E2-867A-67116BCBFA98}.Release|Any CPU.Build.0 = Release|Any CPU
	EndGlobalSection
EndGlobal
